
Microsoft Visual Studio Solution File, Format Version 12.00
Project("{FAE04EC0-301F-11D3-BF4B-00C04F79EFBC}") = "Pythagoras.Persistence", "Pythagoras.Persistence\Pythagoras.Persistence.csproj", "{E33111A2-C92A-4E67-8998-514C519A9E9D}"
EndProject
Project("{FAE04EC0-301F-11D3-BF4B-00C04F79EFBC}") = "Pythagoras.Persistence.Npgsql", "Pythagoras.Persistence.Npgsql\Pythagoras.Persistence.Npgsql.csproj", "{1EE30A7B-A2D4-4698-8327-4A96275C9C10}"
EndProject
Project("{FAE04EC0-301F-11D3-BF4B-00C04F79EFBC}") = "Pythagoras.Domain", "Pythagoras.Domain\Pythagoras.Domain.csproj", "{C5E38B6B-7423-4704-8085-0C42D9B24E47}"
EndProject
Project("{FAE04EC0-301F-11D3-BF4B-00C04F79EFBC}") = "Pythagoras.CLI.Probe", "Pythagoras.CLI.Probe\Pythagoras.CLI.Probe.csproj", "{23E35E1B-DEE6-4CC3-BA83-84D1E95CA349}"
EndProject
Project("{FAE04EC0-301F-11D3-BF4B-00C04F79EFBC}") = "Pythagoras.CoreLib", "Pythagoras.CoreLib\Pythagoras.CoreLib.csproj", "{9D51FE42-CD03-4FA5-9D69-47F47F475E13}"
EndProject
Global
	GlobalSection(SolutionConfigurationPlatforms) = preSolution
		Debug|Any CPU = Debug|Any CPU
		Release|Any CPU = Release|Any CPU
	EndGlobalSection
	GlobalSection(ProjectConfigurationPlatforms) = postSolution
		{E33111A2-C92A-4E67-8998-514C519A9E9D}.Debug|Any CPU.ActiveCfg = Debug|Any CPU
		{E33111A2-C92A-4E67-8998-514C519A9E9D}.Debug|Any CPU.Build.0 = Debug|Any CPU
		{E33111A2-C92A-4E67-8998-514C519A9E9D}.Release|Any CPU.ActiveCfg = Release|Any CPU
		{E33111A2-C92A-4E67-8998-514C519A9E9D}.Release|Any CPU.Build.0 = Release|Any CPU
		{1EE30A7B-A2D4-4698-8327-4A96275C9C10}.Debug|Any CPU.ActiveCfg = Debug|Any CPU
		{1EE30A7B-A2D4-4698-8327-4A96275C9C10}.Debug|Any CPU.Build.0 = Debug|Any CPU
		{1EE30A7B-A2D4-4698-8327-4A96275C9C10}.Release|Any CPU.ActiveCfg = Release|Any CPU
		{1EE30A7B-A2D4-4698-8327-4A96275C9C10}.Release|Any CPU.Build.0 = Release|Any CPU
		{C5E38B6B-7423-4704-8085-0C42D9B24E47}.Debug|Any CPU.ActiveCfg = Debug|Any CPU
		{C5E38B6B-7423-4704-8085-0C42D9B24E47}.Debug|Any CPU.Build.0 = Debug|Any CPU
		{C5E38B6B-7423-4704-8085-0C42D9B24E47}.Release|Any CPU.ActiveCfg = Release|Any CPU
		{C5E38B6B-7423-4704-8085-0C42D9B24E47}.Release|Any CPU.Build.0 = Release|Any CPU
		{23E35E1B-DEE6-4CC3-BA83-84D1E95CA349}.Debug|Any CPU.ActiveCfg = Debug|Any CPU
		{23E35E1B-DEE6-4CC3-BA83-84D1E95CA349}.Debug|Any CPU.Build.0 = Debug|Any CPU
		{23E35E1B-DEE6-4CC3-BA83-84D1E95CA349}.Release|Any CPU.ActiveCfg = Release|Any CPU
		{23E35E1B-DEE6-4CC3-BA83-84D1E95CA349}.Release|Any CPU.Build.0 = Release|Any CPU
		{9D51FE42-CD03-4FA5-9D69-47F47F475E13}.Debug|Any CPU.ActiveCfg = Debug|Any CPU
		{9D51FE42-CD03-4FA5-9D69-47F47F475E13}.Debug|Any CPU.Build.0 = Debug|Any CPU
		{9D51FE42-CD03-4FA5-9D69-47F47F475E13}.Release|Any CPU.ActiveCfg = Release|Any CPU
		{9D51FE42-CD03-4FA5-9D69-47F47F475E13}.Release|Any CPU.Build.0 = Release|Any CPU
	EndGlobalSection
EndGlobal
